
Microsoft Visual Studio Solution File, Format Version 12.00
# Visual Studio 2013
VisualStudioVersion = 12.0.40629.0
MinimumVisualStudioVersion = 10.0.40219.1
Project("{8BC9CEB8-8B4A-11D0-8D11-00A0C91BC942}") = "mycpptemplex", "mycpptemplex\mycpptemplex.vcxproj", "{AC852547-7945-40F3-B93D-EF6BFCBE8556}"
EndProject
Project("{8BC9CEB8-8B4A-11D0-8D11-00A0C91BC942}") = "max5", "max5\max5.vcxproj", "{046D628F-FA84-4A47-AB87-7D50228873B2}"
EndProject
Project("{8BC9CEB8-8B4A-11D0-8D11-00A0C91BC942}") = "stack1", "stack1\stack1.vcxproj", "{5A889959-9D11-4174-879A-42070B1F46C9}"
EndProject
Global
	GlobalSection(SolutionConfigurationPlatforms) = preSolution
		Debug|Win32 = Debug|Win32
		Release|Win32 = Release|Win32
	EndGlobalSection
	GlobalSection(ProjectConfigurationPlatforms) = postSolution
		{AC852547-7945-40F3-B93D-EF6BFCBE8556}.Debug|Win32.ActiveCfg = Debug|Win32
		{AC852547-7945-40F3-B93D-EF6BFCBE8556}.Debug|Win32.Build.0 = Debug|Win32
		{AC852547-7945-40F3-B93D-EF6BFCBE8556}.Release|Win32.ActiveCfg = Release|Win32
		{AC852547-7945-40F3-B93D-EF6BFCBE8556}.Release|Win32.Build.0 = Release|Win32
		{046D628F-FA84-4A47-AB87-7D50228873B2}.Debug|Win32.ActiveCfg = Debug|Win32
		{046D628F-FA84-4A47-AB87-7D50228873B2}.Debug|Win32.Build.0 = Debug|Win32
		{046D628F-FA84-4A47-AB87-7D50228873B2}.Release|Win32.ActiveCfg = Release|Win32
		{046D628F-FA84-4A47-AB87-7D50228873B2}.Release|Win32.Build.0 = Release|Win32
		{5A889959-9D11-4174-879A-42070B1F46C9}.Debug|Win32.ActiveCfg = Debug|Win32
		{5A889959-9D11-4174-879A-42070B1F46C9}.Debug|Win32.Build.0 = Debug|Win32
		{5A889959-9D11-4174-879A-42070B1F46C9}.Release|Win32.ActiveCfg = Release|Win32
		{5A889959-9D11-4174-879A-42070B1F46C9}.Release|Win32.Build.0 = Release|Win32
	EndGlobalSection
	GlobalSection(SolutionProperties) = preSolution
		HideSolutionNode = FALSE
	EndGlobalSection
EndGlobal
